
Microsoft Visual Studio Solution File, Format Version 12.00
# Visual Studio Version 17
VisualStudioVersion = 17.0.31903.59
MinimumVisualStudioVersion = 10.0.40219.1
Project("{9A19103F-16F7-4668-BE54-9A1E7A4F7556}") = "PetShop", "PetShop\PetShop.csproj", "{B5151AE0-6274-4C72-A26B-B09417463D2E}"
EndProject
Project("{FAE04EC0-301F-11D3-BF4B-00C04F79EFBC}") = "PetShop.Blazor.WebAssembly.Server", "PetShop.Blazor.WebAssembly\Server\PetShop.Blazor.WebAssembly.Server.csproj", "{D427F620-3BA3-4991-9056-2B81007D9DF9}"
EndProject
Project("{FAE04EC0-301F-11D3-BF4B-00C04F79EFBC}") = "PetShop.Blazor.WebAssembly.Client", "PetShop.Blazor.WebAssembly\Client\PetShop.Blazor.WebAssembly.Client.csproj", "{C055F3CC-DA66-4273-8083-B2FB7C05A19F}"
EndProject
Project("{FAE04EC0-301F-11D3-BF4B-00C04F79EFBC}") = "PetShop.Blazor.WebAssembly.Shared", "PetShop.Blazor.WebAssembly\Shared\PetShop.Blazor.WebAssembly.Shared.csproj", "{430B37D2-9008-4704-8FC7-77A2DF3F3587}"
EndProject
Project("{FAE04EC0-301F-11D3-BF4B-00C04F79EFBC}") = "PetShop.Blazor.WebAssembly.Server.Mongo", "PetShop.Blazor.WebAssembly\Server.Mongo\PetShop.Blazor.WebAssembly.Server.Mongo.csproj", "{36773181-4623-41E0-B456-67C1EEC03A2E}"
EndProject
Global
	GlobalSection(SolutionConfigurationPlatforms) = preSolution
		Debug|Any CPU = Debug|Any CPU
		Release|Any CPU = Release|Any CPU
	EndGlobalSection
	GlobalSection(ProjectConfigurationPlatforms) = postSolution
		{B5151AE0-6274-4C72-A26B-B09417463D2E}.Debug|Any CPU.ActiveCfg = Debug|Any CPU
		{B5151AE0-6274-4C72-A26B-B09417463D2E}.Debug|Any CPU.Build.0 = Debug|Any CPU
		{B5151AE0-6274-4C72-A26B-B09417463D2E}.Release|Any CPU.ActiveCfg = Release|Any CPU
		{B5151AE0-6274-4C72-A26B-B09417463D2E}.Release|Any CPU.Build.0 = Release|Any CPU
		{D427F620-3BA3-4991-9056-2B81007D9DF9}.Debug|Any CPU.ActiveCfg = Debug|Any CPU
		{D427F620-3BA3-4991-9056-2B81007D9DF9}.Debug|Any CPU.Build.0 = Debug|Any CPU
		{D427F620-3BA3-4991-9056-2B81007D9DF9}.Release|Any CPU.ActiveCfg = Release|Any CPU
		{D427F620-3BA3-4991-9056-2B81007D9DF9}.Release|Any CPU.Build.0 = Release|Any CPU
		{C055F3CC-DA66-4273-8083-B2FB7C05A19F}.Debug|Any CPU.ActiveCfg = Debug|Any CPU
		{C055F3CC-DA66-4273-8083-B2FB7C05A19F}.Debug|Any CPU.Build.0 = Debug|Any CPU
		{C055F3CC-DA66-4273-8083-B2FB7C05A19F}.Release|Any CPU.ActiveCfg = Release|Any CPU
		{C055F3CC-DA66-4273-8083-B2FB7C05A19F}.Release|Any CPU.Build.0 = Release|Any CPU
		{430B37D2-9008-4704-8FC7-77A2DF3F3587}.Debug|Any CPU.ActiveCfg = Debug|Any CPU
		{430B37D2-9008-4704-8FC7-77A2DF3F3587}.Debug|Any CPU.Build.0 = Debug|Any CPU
		{430B37D2-9008-4704-8FC7-77A2DF3F3587}.Release|Any CPU.ActiveCfg = Release|Any CPU
		{430B37D2-9008-4704-8FC7-77A2DF3F3587}.Release|Any CPU.Build.0 = Release|Any CPU
		{36773181-4623-41E0-B456-67C1EEC03A2E}.Debug|Any CPU.ActiveCfg = Debug|Any CPU
		{36773181-4623-41E0-B456-67C1EEC03A2E}.Debug|Any CPU.Build.0 = Debug|Any CPU
		{36773181-4623-41E0-B456-67C1EEC03A2E}.Release|Any CPU.ActiveCfg = Release|Any CPU
		{36773181-4623-41E0-B456-67C1EEC03A2E}.Release|Any CPU.Build.0 = Release|Any CPU
	EndGlobalSection
	GlobalSection(SolutionProperties) = preSolution
		HideSolutionNode = FALSE
	EndGlobalSection
	GlobalSection(ExtensibilityGlobals) = postSolution
		SolutionGuid = {63E2660C-C1D9-4768-90FD-289F36581842}
	EndGlobalSection
EndGlobal
